
Microsoft Visual Studio Solution File, Format Version 12.00
# Visual Studio Version 17
VisualStudioVersion = 17.10.35013.160
MinimumVisualStudioVersion = 10.0.40219.1
Project("{FAE04EC0-301F-11D3-BF4B-00C04F79EFBC}") = "AppUsingPushNotify", "AppUsingPushNotify\AppUsingPushNotify\AppUsingPushNotify.csproj", "{E6A1F987-8B63-420F-AB3A-36EAF1445DCF}"
EndProject
Project("{FAE04EC0-301F-11D3-BF4B-00C04F79EFBC}") = "AppUsingPushNotify.Android", "AppUsingPushNotify\AppUsingPushNotify.Android\AppUsingPushNotify.Android.csproj", "{528A94F2-BA03-467D-B210-8284A8B1378D}"
EndProject
Project("{FAE04EC0-301F-11D3-BF4B-00C04F79EFBC}") = "AppUsingPushNotify.Desktop", "AppUsingPushNotify\AppUsingPushNotify.Desktop\AppUsingPushNotify.Desktop.csproj", "{191D65E2-3E50-4828-B010-6B44857424C4}"
EndProject
Project("{FAE04EC0-301F-11D3-BF4B-00C04F79EFBC}") = "AppUsingPushNotify.iOS", "AppUsingPushNotify\AppUsingPushNotify.iOS\AppUsingPushNotify.iOS.csproj", "{381CDE8F-F3A2-4A1A-BDFD-3F2A2CEBA2C6}"
EndProject
Project("{FAE04EC0-301F-11D3-BF4B-00C04F79EFBC}") = "AppUsingPushNotify.Browser", "AppUsingPushNotify\AppUsingPushNotify.Browser\AppUsingPushNotify.Browser.csproj", "{A6DD7162-5ACC-49FF-96F9-272C59176A67}"
EndProject
Global
	GlobalSection(SolutionConfigurationPlatforms) = preSolution
		Debug|Any CPU = Debug|Any CPU
		Release|Any CPU = Release|Any CPU
	EndGlobalSection
	GlobalSection(ProjectConfigurationPlatforms) = postSolution
		{E6A1F987-8B63-420F-AB3A-36EAF1445DCF}.Debug|Any CPU.ActiveCfg = Debug|Any CPU
		{E6A1F987-8B63-420F-AB3A-36EAF1445DCF}.Debug|Any CPU.Build.0 = Debug|Any CPU
		{E6A1F987-8B63-420F-AB3A-36EAF1445DCF}.Release|Any CPU.ActiveCfg = Release|Any CPU
		{E6A1F987-8B63-420F-AB3A-36EAF1445DCF}.Release|Any CPU.Build.0 = Release|Any CPU
		{528A94F2-BA03-467D-B210-8284A8B1378D}.Debug|Any CPU.ActiveCfg = Debug|Any CPU
		{528A94F2-BA03-467D-B210-8284A8B1378D}.Debug|Any CPU.Build.0 = Debug|Any CPU
		{528A94F2-BA03-467D-B210-8284A8B1378D}.Debug|Any CPU.Deploy.0 = Debug|Any CPU
		{528A94F2-BA03-467D-B210-8284A8B1378D}.Release|Any CPU.ActiveCfg = Release|Any CPU
		{528A94F2-BA03-467D-B210-8284A8B1378D}.Release|Any CPU.Build.0 = Release|Any CPU
		{528A94F2-BA03-467D-B210-8284A8B1378D}.Release|Any CPU.Deploy.0 = Release|Any CPU
		{191D65E2-3E50-4828-B010-6B44857424C4}.Debug|Any CPU.ActiveCfg = Debug|Any CPU
		{191D65E2-3E50-4828-B010-6B44857424C4}.Debug|Any CPU.Build.0 = Debug|Any CPU
		{191D65E2-3E50-4828-B010-6B44857424C4}.Release|Any CPU.ActiveCfg = Release|Any CPU
		{191D65E2-3E50-4828-B010-6B44857424C4}.Release|Any CPU.Build.0 = Release|Any CPU
		{381CDE8F-F3A2-4A1A-BDFD-3F2A2CEBA2C6}.Debug|Any CPU.ActiveCfg = Debug|Any CPU
		{381CDE8F-F3A2-4A1A-BDFD-3F2A2CEBA2C6}.Debug|Any CPU.Build.0 = Debug|Any CPU
		{381CDE8F-F3A2-4A1A-BDFD-3F2A2CEBA2C6}.Debug|Any CPU.Deploy.0 = Debug|Any CPU
		{381CDE8F-F3A2-4A1A-BDFD-3F2A2CEBA2C6}.Release|Any CPU.ActiveCfg = Release|Any CPU
		{381CDE8F-F3A2-4A1A-BDFD-3F2A2CEBA2C6}.Release|Any CPU.Build.0 = Release|Any CPU
		{381CDE8F-F3A2-4A1A-BDFD-3F2A2CEBA2C6}.Release|Any CPU.Deploy.0 = Release|Any CPU
		{A6DD7162-5ACC-49FF-96F9-272C59176A67}.Debug|Any CPU.ActiveCfg = Debug|Any CPU
		{A6DD7162-5ACC-49FF-96F9-272C59176A67}.Debug|Any CPU.Build.0 = Debug|Any CPU
		{A6DD7162-5ACC-49FF-96F9-272C59176A67}.Release|Any CPU.ActiveCfg = Release|Any CPU
		{A6DD7162-5ACC-49FF-96F9-272C59176A67}.Release|Any CPU.Build.0 = Release|Any CPU
	EndGlobalSection
	GlobalSection(SolutionProperties) = preSolution
		HideSolutionNode = FALSE
	EndGlobalSection
	GlobalSection(ExtensibilityGlobals) = postSolution
		SolutionGuid = {DE1A93BD-A9DC-42BA-AF3C-922B80EE7E65}
	EndGlobalSection
EndGlobal
